// !$*UTF8*$!
{
	archiveVersion = 1;
	classes = {
	};
	objectVersion = 48;
	objects = {

/* Begin PBXBuildFile section */
		54D5819C1FF6DFAF00FCFB55 /* AppDelegate.swift in Sources */ = {isa = PBXBuildFile; fileRef = 54D5819B1FF6DFAF00FCFB55 /* AppDelegate.swift */; };
		54D5819E1FF6DFAF00FCFB55 /* ViewController.swift in Sources */ = {isa = PBXBuildFile; fileRef = 54D5819D1FF6DFAF00FCFB55 /* ViewController.swift */; };
		54D581A11FF6DFAF00FCFB55 /* Main.storyboard in Resources */ = {isa = PBXBuildFile; fileRef = 54D5819F1FF6DFAF00FCFB55 /* Main.storyboard */; };
		54D581A31FF6DFAF00FCFB55 /* Assets.xcassets in Resources */ = {isa = PBXBuildFile; fileRef = 54D581A21FF6DFAF00FCFB55 /* Assets.xcassets */; };
		54D581A61FF6DFAF00FCFB55 /* LaunchScreen.storyboard in Resources */ = {isa = PBXBuildFile; fileRef = 54D581A41FF6DFAF00FCFB55 /* LaunchScreen.storyboard */; };
/* End PBXBuildFile section */

/* Begin PBXFileReference section */
		54D581981FF6DFAF00FCFB55 /* RajiDice.app */ = {isa = PBXFileReference; explicitFileType = wrapper.application; includeInIndex = 0; path = RajiDice.app; sourceTree = BUILT_PRODUCTS_DIR; };
		54D5819B1FF6DFAF00FCFB55 /* AppDelegate.swift */ = {isa = PBXFileReference; lastKnownFileType = sourcecode.swift; path = AppDelegate.swift; sourceTree = "<group>"; };
		54D5819D1FF6DFAF00FCFB55 /* ViewController.swift */ = {isa = PBXFileReference; lastKnownFileType = sourcecode.swift; path = ViewController.swift; sourceTree = "<group>"; };
		54D581A01FF6DFAF00FCFB55 /* Base */ = {isa = PBXFileReference; lastKnownFileType = file.storyboard; name = Base; path = Base.lproj/Main.storyboard; sourceTree = "<group>"; };
		54D581A21FF6DFAF00FCFB55 /* Assets.xcassets */ = {isa = PBXFileReference; lastKnownFileType = folder.assetcatalog; path = Assets.xcassets; sourceTree = "<group>"; };
		54D581A51FF6DFAF00FCFB55 /* Base */ = {isa = PBXFileReference; lastKnownFileType = file.storyboard; name = Base; path = Base.lproj/LaunchScreen.storyboard; sourceTree = "<group>"; };
		54D581A71FF6DFAF00FCFB55 /* Info.plist */ = {isa = PBXFileReference; lastKnownFileType = text.plist.xml; path = Info.plist; sourceTree = "<group>"; };
/* End PBXFileReference section */

/* Begin PBXFrameworksBuildPhase section */
		54D581951FF6DFAF00FCFB55 /* Frameworks */ = {
			isa = PBXFrameworksBuildPhase;
			buildActionMask = 2147483647;
			files = (
			);
			runOnlyForDeploymentPostprocessing = 0;
		};
/* End PBXFrameworksBuildPhase section */

/* Begin PBXGroup section */
		54D5818F1FF6DFAF00FCFB55 = {
			isa = PBXGroup;
			children = (
				54D5819A1FF6DFAF00FCFB55 /* RajiDice */,
				54D581991FF6DFAF00FCFB55 /* Products */,
			);
			sourceTree = "<group>";
		};
		54D581991FF6DFAF00FCFB55 /* Products */ = {
			isa = PBXGroup;
			children = (
				54D581981FF6DFAF00FCFB55 /* RajiDice.app */,
			);
			name = Products;
			sourceTree = "<group>";
		};
		54D5819A1FF6DFAF00FCFB55 /* RajiDice */ = {
			isa = PBXGroup;
			children = (
				54D5819B1FF6DFAF00FCFB55 /* AppDelegate.swift */,
				54D5819D1FF6DFAF00FCFB55 /* ViewController.swift */,
				54D5819F1FF6DFAF00FCFB55 /* Main.storyboard */,
				54D581A21FF6DFAF00FCFB55 /* Assets.xcassets */,
				54D581A41FF6DFAF00FCFB55 /* LaunchScreen.storyboard */,
				54D581A71FF6DFAF00FCFB55 /* Info.plist */,
			);
			path = RajiDice;
			sourceTree = "<group>";
		};
/* End PBXGroup section */

/* Begin PBXNativeTarget section */
		54D581971FF6DFAF00FCFB55 /* RajiDice */ = {
			isa = PBXNativeTarget;
			buildConfigurationList = 54D581AA1FF6DFAF00FCFB55 /* Build configuration list for PBXNativeTarget "RajiDice" */;
			buildPhases = (
				54D581941FF6DFAF00FCFB55 /* Sources */,
				54D581951FF6DFAF00FCFB55 /* Frameworks */,
				54D581961FF6DFAF00FCFB55 /* Resources */,
			);
			buildRules = (
			);
			dependencies = (
			);
			name = RajiDice;
			productName = RajiDice;
			productReference = 54D581981FF6DFAF00FCFB55 /* RajiDice.app */;
			productType = "com.apple.product-type.application";
		};
/* End PBXNativeTarget section */

/* Begin PBXProject section */
		54D581901FF6DFAF00FCFB55 /* Project object */ = {
			isa = PBXProject;
			attributes = {
				LastSwiftUpdateCheck = 0920;
				LastUpgradeCheck = 0920;
				ORGANIZATIONNAME = "Oludemilade Raji";
				TargetAttributes = {
					54D581971FF6DFAF00FCFB55 = {
						CreatedOnToolsVersion = 9.2;
						ProvisioningStyle = Automatic;
					};
				};
			};
			buildConfigurationList = 54D581931FF6DFAF00FCFB55 /* Build configuration list for PBXProject "RajiDice" */;
			compatibilityVersion = "Xcode 8.0";
			developmentRegion = en;
			hasScannedForEncodings = 0;
			knownRegions = (
				en,
				Base,
			);
			mainGroup = 54D5818F1FF6DFAF00FCFB55;
			productRefGroup = 54D581991FF6DFAF00FCFB55 /* Products */;
			projectDirPath = "";
			projectRoot = "";
			targets = (
				54D581971FF6DFAF00FCFB55 /* RajiDice */,
			);
		};
/* End PBXProject section */

/* Begin PBXResourcesBuildPhase section */
		54D581961FF6DFAF00FCFB55 /* Resources */ = {
			isa = PBXResourcesBuildPhase;
			buildActionMask = 2147483647;
			files = (
				54D581A61FF6DFAF00FCFB55 /* LaunchScreen.storyboard in Resources */,
				54D581A31FF6DFAF00FCFB55 /* Assets.xcassets in Resources */,
				54D581A11FF6DFAF00FCFB55 /* Main.storyboard in Resources */,
			);
			runOnlyForDeploymentPostprocessing = 0;
		};
/* End PBXResourcesBuildPhase section */

/* Begin PBXSourcesBuildPhase section */
		54D581941FF6DFAF00FCFB55 /* Sources */ = {
			isa = PBXSourcesBuildPhase;
			buildActionMask = 2147483647;
			files = (
				54D5819E1FF6DFAF00FCFB55 /* ViewController.swift in Sources */,
				54D5819C1FF6DFAF00FCFB55 /* AppDelegate.swift in Sources */,
			);
			runOnlyForDeploymentPostprocessing = 0;
		};
/* End PBXSourcesBuildPhase section */

/* Begin PBXVariantGroup section */
		54D5819F1FF6DFAF00FCFB55 /* Main.storyboard */ = {
			isa = PBXVariantGroup;
			children = (
				54D581A01FF6DFAF00FCFB55 /* Base */,
			);
			name = Main.storyboard;
			sourceTree = "<group>";
		};
		54D581A41FF6DFAF00FCFB55 /* LaunchScreen.storyboard */ = {
			isa = PBXVariantGroup;
			children = (
				54D581A51FF6DFAF00FCFB55 /* Base */,
			);
			name = LaunchScreen.storyboard;
			sourceTree = "<group>";
		};
/* End PBXVariantGroup section */

/* Begin XCBuildConfiguration section */
		54D581A81FF6DFAF00FCFB55 /* Debug */ = {
			isa = XCBuildConfiguration;
			buildSettings = {
				ALWAYS_SEARCH_USER_PATHS = NO;
				CLANG_ANALYZER_NONNULL = YES;
				CLANG_ANALYZER_NUMBER_OBJECT_CONVERSION = YES_AGGRESSIVE;
				CLANG_CXX_LANGUAGE_STANDARD = "gnu++14";
				CLANG_CXX_LIBRARY = "libc++";
				CLANG_ENABLE_MODULES = YES;
				CLANG_ENABLE_OBJC_ARC = YES;
				CLANG_WARN_BLOCK_CAPTURE_AUTORELEASING = YES;
				CLANG_WARN_BOOL_CONVERSION = YES;
				CLANG_WARN_COMMA = YES;
				CLANG_WARN_CONSTANT_CONVERSION = YES;
				CLANG_WARN_DIRECT_OBJC_ISA_USAGE = YES_ERROR;
				CLANG_WARN_DOCUMENTATION_COMMENTS = YES;
				CLANG_WARN_EMPTY_BODY = YES;
				CLANG_WARN_ENUM_CONVERSION = YES;
				CLANG_WARN_INFINITE_RECURSION = YES;
				CLANG_WARN_INT_CONVERSION = YES;
				CLANG_WARN_NON_LITERAL_NULL_CONVERSION = YES;
				CLANG_WARN_OBJC_LITERAL_CONVERSION = YES;
				CLANG_WARN_OBJC_ROOT_CLASS = YES_ERROR;
				CLANG_WARN_RANGE_LOOP_ANALYSIS = YES;
				CLANG_WARN_STRICT_PROTOTYPES = YES;
				CLANG_WARN_SUSPICIOUS_MOVE = YES;
				CLANG_WARN_UNGUARDED_AVAILABILITY = YES_AGGRESSIVE;
				CLANG_WARN_UNREACHABLE_CODE = YES;
				CLANG_WARN__DUPLICATE_METHOD_MATCH = YES;
				CODE_SIGN_IDENTITY = "iPhone Developer";
				COPY_PHASE_STRIP = NO;
				DEBUG_INFORMATION_FORMAT = dwarf;
				ENABLE_STRICT_OBJC_MSGSEND = YES;
				ENABLE_TESTABILITY = YES;
				GCC_C_LANGUAGE_STANDARD = gnu11;
				GCC_DYNAMIC_NO_PIC = NO;
				GCC_NO_COMMON_BLOCKS = YES;
				GCC_OPTIMIZATION_LEVEL = 0;
				GCC_PREPROCESSOR_DEFINITIONS = (
					"DEBUG=1",
					"$(inherited)",
				);
				GCC_WARN_64_TO_32_BIT_CONVERSION = YES;
				GCC_WARN_ABOUT_RETURN_TYPE = YES_ERROR;
				GCC_WARN_UNDECLARED_SELECTOR = YES;
				GCC_WARN_UNINITIALIZED_AUTOS = YES_AGGRESSIVE;
				GCC_WARN_UNUSED_FUNCTION = YES;
				GCC_WARN_UNUSED_VARIABLE = YES;
				IPHONEOS_DEPLOYMENT_TARGET = 11.2;
				MTL_ENABLE_DEBUG_INFO = YES;
				ONLY_ACTIVE_ARCH = YES;
				SDKROOT = iphoneos;
				SWIFT_ACTIVE_COMPILATION_CONDITIONS = DEBUG;
				SWIFT_OPTIMIZATION_LEVEL = "-Onone";
			};
			name = Debug;
		};
		54D581A91FF6DFAF00FCFB55 /* Release */ = {
			isa = XCBuildConfiguration;
			buildSettings = {
				ALWAYS_SEARCH_USER_PATHS = NO;
				CLANG_ANALYZER_NONNULL = YES;
				CLANG_ANALYZER_NUMBER_OBJECT_CONVERSION = YES_AGGRESSIVE;
				CLANG_CXX_LANGUAGE_STANDARD = "gnu++14";
				CLANG_CXX_LIBRARY = "libc++";
				CLANG_ENABLE_MODULES = YES;
				CLANG_ENABLE_OBJC_ARC = YES;
				CLANG_WARN_BLOCK_CAPTURE_AUTORELEASING = YES;
				CLANG_WARN_BOOL_CONVERSION = YES;
				CLANG_WARN_COMMA = YES;
				CLANG_WARN_CONSTANT_CONVERSION = YES;
				CLANG_WARN_DIRECT_OBJC_ISA_USAGE = YES_ERROR;
				CLANG_WARN_DOCUMENTATION_COMMENTS = YES;
				CLANG_WARN_EMPTY_BODY = YES;
				CLANG_WARN_ENUM_CONVERSION = YES;
				CLANG_WARN_INFINITE_RECURSION = YES;
				CLANG_WARN_INT_CONVERSION = YES;
				CLANG_WARN_NON_LITERAL_NULL_CONVERSION = YES;
				CLANG_WARN_OBJC_LITERAL_CONVERSION = YES;
				CLANG_WARN_OBJC_ROOT_CLASS = YES_ERROR;
				CLANG_WARN_RANGE_LOOP_ANALYSIS = YES;
				CLANG_WARN_STRICT_PROTOTYPES = YES;
				CLANG_WARN_SUSPICIOUS_MOVE = YES;
				CLANG_WARN_UNGUARDED_AVAILABILITY = YES_AGGRESSIVE;
				CLANG_WARN_UNREACHABLE_CODE = YES;
				CLANG_WARN__DUPLICATE_METHOD_MATCH = YES;
				CODE_SIGN_IDENTITY = "iPhone Developer";
				COPY_PHASE_STRIP = NO;
				DEBUG_INFORMATION_FORMAT = "dwarf-with-dsym";
				ENABLE_NS_ASSERTIONS = NO;
				ENABLE_STRICT_OBJC_MSGSEND = YES;
				GCC_C_LANGUAGE_STANDARD = gnu11;
				GCC_NO_COMMON_BLOCKS = YES;
				GCC_WARN_64_TO_32_BIT_CONVERSION = YES;
				GCC_WARN_ABOUT_RETURN_TYPE = YES_ERROR;
				GCC_WARN_UNDECLARED_SELECTOR = YES;
				GCC_WARN_UNINITIALIZED_AUTOS = YES_AGGRESSIVE;
				GCC_WARN_UNUSED_FUNCTION = YES;
				GCC_WARN_UNUSED_VARIABLE = YES;
				IPHONEOS_DEPLOYMENT_TARGET = 11.2;
				MTL_ENABLE_DEBUG_INFO = NO;
				SDKROOT = iphoneos;
				SWIFT_OPTIMIZATION_LEVEL = "-Owholemodule";
				VALIDATE_PRODUCT = YES;
			};
			name = Release;
		};
		54D581AB1FF6DFAF00FCFB55 /* Debug */ = {
			isa = XCBuildConfiguration;
			buildSettings = {
				ASSETCATALOG_COMPILER_APPICON_NAME = AppIcon;
				CODE_SIGN_STYLE = Automatic;
				DEVELOPMENT_TEAM = D3CUYFAV98;
				INFOPLIST_FILE = RajiDice/Info.plist;
				LD_RUNPATH_SEARCH_PATHS = "$(inherited) @executable_path/Frameworks";
				PRODUCT_BUNDLE_IDENTIFIER = com.oludemiladeraji.RajiDice;
				PRODUCT_NAME = "$(TARGET_NAME)";
				SWIFT_VERSION = 4.0;
				TARGETED_DEVICE_FAMILY = 1;
			};
			name = Debug;
		};
		54D581AC1FF6DFAF00FCFB55 /* Release */ = {
			isa = XCBuildConfiguration;
			buildSettings = {
				ASSETCATALOG_COMPILER_APPICON_NAME = AppIcon;
				CODE_SIGN_STYLE = Automatic;
				DEVELOPMENT_TEAM = D3CUYFAV98;
				INFOPLIST_FILE = RajiDice/Info.plist;
				LD_RUNPATH_SEARCH_PATHS = "$(inherited) @executable_path/Frameworks";
				PRODUCT_BUNDLE_IDENTIFIER = com.oludemiladeraji.RajiDice;
				PRODUCT_NAME = "$(TARGET_NAME)";
				SWIFT_VERSION = 4.0;
				TARGETED_DEVICE_FAMILY = 1;
			};
			name = Release;
		};
/* End XCBuildConfiguration section */

/* Begin XCConfigurationList section */
		54D581931FF6DFAF00FCFB55 /* Build configuration list for PBXProject "RajiDice" */ = {
			isa = XCConfigurationList;
			buildConfigurations = (
				54D581A81FF6DFAF00FCFB55 /* Debug */,
				54D581A91FF6DFAF00FCFB55 /* Release */,
			);
			defaultConfigurationIsVisible = 0;
			defaultConfigurationName = Release;
		};
		54D581AA1FF6DFAF00FCFB55 /* Build configuration list for PBXNativeTarget "RajiDice" */ = {
			isa = XCConfigurationList;
			buildConfigurations = (
				54D581AB1FF6DFAF00FCFB55 /* Debug */,
				54D581AC1FF6DFAF00FCFB55 /* Release */,
			);
			defaultConfigurationIsVisible = 0;
			defaultConfigurationName = Release;
		};
/* End XCConfigurationList section */
	};
	rootObject = 54D581901FF6DFAF00FCFB55 /* Project object */;
}
